
Microsoft Visual Studio Solution File, Format Version 12.00
# Visual Studio Version 17
VisualStudioVersion = 17.6.33829.357
MinimumVisualStudioVersion = 10.0.40219.1
Project("{FAE04EC0-301F-11D3-BF4B-00C04F79EFBC}") = "StreamIt", "StreamIt\StreamIt.csproj", "{2846AC19-E4A6-4412-B029-2E2CDE43CF8C}"
EndProject
Project("{FAE04EC0-301F-11D3-BF4B-00C04F79EFBC}") = "TestParseSongTitles", "TestParseSongTitles\TestParseSongTitles.csproj", "{0C89B708-8337-4C34-AD88-8C96C297CA11}"
EndProject
Global
	GlobalSection(SolutionConfigurationPlatforms) = preSolution
		Debug|Any CPU = Debug|Any CPU
		Release|Any CPU = Release|Any CPU
	EndGlobalSection
	GlobalSection(ProjectConfigurationPlatforms) = postSolution
		{2846AC19-E4A6-4412-B029-2E2CDE43CF8C}.Debug|Any CPU.ActiveCfg = Debug|Any CPU
		{2846AC19-E4A6-4412-B029-2E2CDE43CF8C}.Debug|Any CPU.Build.0 = Debug|Any CPU
		{2846AC19-E4A6-4412-B029-2E2CDE43CF8C}.Release|Any CPU.ActiveCfg = Release|Any CPU
		{2846AC19-E4A6-4412-B029-2E2CDE43CF8C}.Release|Any CPU.Build.0 = Release|Any CPU
		{0C89B708-8337-4C34-AD88-8C96C297CA11}.Debug|Any CPU.ActiveCfg = Debug|Any CPU
		{0C89B708-8337-4C34-AD88-8C96C297CA11}.Debug|Any CPU.Build.0 = Debug|Any CPU
		{0C89B708-8337-4C34-AD88-8C96C297CA11}.Release|Any CPU.ActiveCfg = Release|Any CPU
		{0C89B708-8337-4C34-AD88-8C96C297CA11}.Release|Any CPU.Build.0 = Release|Any CPU
	EndGlobalSection
	GlobalSection(SolutionProperties) = preSolution
		HideSolutionNode = FALSE
	EndGlobalSection
	GlobalSection(ExtensibilityGlobals) = postSolution
		SolutionGuid = {03DFDC95-8FC6-44E0-BE8A-14428E223942}
	EndGlobalSection
EndGlobal
